
Microsoft Visual Studio Solution File, Format Version 12.00
# Visual Studio Version 16
VisualStudioVersion = 16.0.30104.148
MinimumVisualStudioVersion = 10.0.40219.1
Project("{FAE04EC0-301F-11D3-BF4B-00C04F79EFBC}") = "CICDSample", "CICDSample\CICDSample.csproj", "{C7D634D6-B4B9-4F6A-88E6-70BFE4807629}"
EndProject
Global
	GlobalSection(SolutionConfigurationPlatforms) = preSolution
		Debug|Any CPU = Debug|Any CPU
		Release|Any CPU = Release|Any CPU
	EndGlobalSection
	GlobalSection(ProjectConfigurationPlatforms) = postSolution
		{C7D634D6-B4B9-4F6A-88E6-70BFE4807629}.Debug|Any CPU.ActiveCfg = Debug|Any CPU
		{C7D634D6-B4B9-4F6A-88E6-70BFE4807629}.Debug|Any CPU.Build.0 = Debug|Any CPU
		{C7D634D6-B4B9-4F6A-88E6-70BFE4807629}.Release|Any CPU.ActiveCfg = Release|Any CPU
		{C7D634D6-B4B9-4F6A-88E6-70BFE4807629}.Release|Any CPU.Build.0 = Release|Any CPU
	EndGlobalSection
	GlobalSection(SolutionProperties) = preSolution
		HideSolutionNode = FALSE
	EndGlobalSection
	GlobalSection(ExtensibilityGlobals) = postSolution
		SolutionGuid = {7A5AEE8E-DAAD-4298-88B3-6D535B5A5D3B}
	EndGlobalSection
EndGlobal
